
Microsoft Visual Studio Solution File, Format Version 12.00
# Visual Studio Version 17
VisualStudioVersion = 17.4.33213.308
MinimumVisualStudioVersion = 10.0.40219.1
Project("{9A19103F-16F7-4668-BE54-9A1E7A4F7556}") = "Lektion01", "Lektion01Intro\Lektion01.csproj", "{36D72294-A704-4E36-A730-0F8220A7C4C7}"
EndProject
Project("{9A19103F-16F7-4668-BE54-9A1E7A4F7556}") = "MyLibrary", "..\MyLibrary\MyLibrary.csproj", "{4737D070-21E0-4F4A-8F27-0C4E3576C2EE}"
EndProject
Project("{2150E333-8FDC-42A3-9474-1A3956D46DE8}") = "Lektion01Intro", "Lektion01Intro", "{3C62AA68-06C4-4205-94E2-90FFBC9739A7}"
EndProject
Project("{2150E333-8FDC-42A3-9474-1A3956D46DE8}") = "Lektion02Sprogkonstruktioner", "Lektion02Sprogkonstruktioner", "{F844F34A-02AB-4DC8-9E88-73F1A40F569C}"
EndProject
Project("{9A19103F-16F7-4668-BE54-9A1E7A4F7556}") = "Øvelse3", "Lektion02\Øvelse3.csproj", "{441A2AA0-455D-4BDD-9CF6-910620E8715C}"
EndProject
Project("{9A19103F-16F7-4668-BE54-9A1E7A4F7556}") = "Øvelse4", "Øvelse4\Øvelse4.csproj", "{3211FA22-05EE-42D0-B7FE-B1A33B8BCFB7}"
EndProject
Project("{2150E333-8FDC-42A3-9474-1A3956D46DE8}") = "Lektion03Objektorientering", "Lektion03Objektorientering", "{5BDE4EF8-E9A3-4AEA-B019-A36D6658E696}"
EndProject
Project("{9A19103F-16F7-4668-BE54-9A1E7A4F7556}") = "Øvelse3.0", "Øvelse3.0\Øvelse3.0.csproj", "{CEDF1970-CD54-4E88-AB5B-E7FB549EB6F4}"
EndProject
Project("{9A19103F-16F7-4668-BE54-9A1E7A4F7556}") = "Øvelse3.2", "Øvelse3.2\Øvelse3.2.csproj", "{76356340-DA23-4B82-93A7-FCE711B30F89}"
EndProject
Project("{2150E333-8FDC-42A3-9474-1A3956D46DE8}") = "Lektion04Delegates", "Lektion04Delegates", "{BE8F59FB-D760-499E-8DFA-4CA88520BAA6}"
EndProject
Project("{9A19103F-16F7-4668-BE54-9A1E7A4F7556}") = "Øvelse4.1", "Øvelse4.1\Øvelse4.1.csproj", "{7AFB1FD1-E436-4779-8916-28574EC1D52C}"
EndProject
Project("{9A19103F-16F7-4668-BE54-9A1E7A4F7556}") = "Øvelse4.2", "Øvelse4.2\Øvelse4.2.csproj", "{8B7991B5-3124-459A-ABF3-056876CBE11A}"
EndProject
Project("{2150E333-8FDC-42A3-9474-1A3956D46DE8}") = "Lektion04Eksempler", "Lektion04Eksempler", "{70EB4715-3EEC-45C3-840C-4F6EFD006E26}"
EndProject
Project("{9A19103F-16F7-4668-BE54-9A1E7A4F7556}") = "Delegates", "Delegates\Delegates.csproj", "{F6CF89C5-1BE8-410B-96ED-BA8D060530E1}"
EndProject
Project("{9A19103F-16F7-4668-BE54-9A1E7A4F7556}") = "Events", "Events\Events.csproj", "{21C38304-E3B7-498F-9C4D-5579D581AC45}"
EndProject
Project("{9A19103F-16F7-4668-BE54-9A1E7A4F7556}") = "ExtensionMethods", "ExtensionMethods\ExtensionMethods.csproj", "{0C8CB5EF-2404-4F5E-81DB-F4BDE34E6B1F}"
EndProject
Project("{9A19103F-16F7-4668-BE54-9A1E7A4F7556}") = "Øvelse4.3", "Øvelse4.3\Øvelse4.3.csproj", "{BCA7CB94-D871-465C-8CD5-1CD846C282AA}"
EndProject
Project("{9A19103F-16F7-4668-BE54-9A1E7A4F7556}") = "Øvelse4.5", "Øvelse4.5\Øvelse4.5.csproj", "{4CBE8E0B-EF6F-4715-9AE2-00BDD4E9AB37}"
EndProject
Project("{9A19103F-16F7-4668-BE54-9A1E7A4F7556}") = "Øvelse4.6", "Øvelse4.6\Øvelse4.6.csproj", "{5DFD601F-B45C-4FB8-A3E2-F0FA0B62F6A1}"
EndProject
Project("{9A19103F-16F7-4668-BE54-9A1E7A4F7556}") = "Øvelse4.6Delegates", "Øvelse4.6Delegates\Øvelse4.6Delegates.csproj", "{267F13A1-2D1D-4D8F-901C-7E9EAE85F7CF}"
EndProject
Project("{9A19103F-16F7-4668-BE54-9A1E7A4F7556}") = "Øvelse4.7", "Øvelse4.7\Øvelse4.7.csproj", "{D47904C3-7C89-4613-B07C-6AB910F10155}"
EndProject
Project("{2150E333-8FDC-42A3-9474-1A3956D46DE8}") = "Lektion04Løsninger", "Lektion04Løsninger", "{616F6EE5-337D-40F1-AAD6-54444FA4F4D1}"
EndProject
Project("{9A19103F-16F7-4668-BE54-9A1E7A4F7556}") = "Øvelse4.2Løsning", "Øvelse4.2Løsning\Øvelse4.2Løsning.csproj", "{A64AA4E0-5570-444D-A842-C8ABB847BC69}"
EndProject
Project("{9A19103F-16F7-4668-BE54-9A1E7A4F7556}") = "Øvelse4.3Løsning", "Øvelse4.3Løsning\Øvelse4.3Løsning.csproj", "{8024604A-7825-4785-A17E-9B5A8D942A77}"
EndProject
Project("{9A19103F-16F7-4668-BE54-9A1E7A4F7556}") = "Øvelse4.5Løsning", "Øvelse4.5Løsning\Øvelse4.5Løsning.csproj", "{6A303196-312B-4650-A2E0-0626702A7E2B}"
EndProject
Project("{9A19103F-16F7-4668-BE54-9A1E7A4F7556}") = "Øvelse4.6Løsning", "Øvelse4.6Løsning\Øvelse4.6Løsning.csproj", "{4C1FE22D-2B8F-40FD-A796-351E1130AE5B}"
EndProject
Project("{2150E333-8FDC-42A3-9474-1A3956D46DE8}") = "Lektion05LINQ", "Lektion05LINQ", "{288824B4-AD65-4E35-939D-C307CBD8A33D}"
EndProject
Project("{9A19103F-16F7-4668-BE54-9A1E7A4F7556}") = "Øvelse5.1", "Øvelse5.1\Øvelse5.1.csproj", "{A131F7A7-2A88-4A22-A08F-5AB94DA94590}"
EndProject
Project("{9A19103F-16F7-4668-BE54-9A1E7A4F7556}") = "Øvelse5.3", "Øvelse5.3\Øvelse5.3.csproj", "{77A4B901-650C-4934-BB68-F38B8F369C5E}"
EndProject
Project("{2150E333-8FDC-42A3-9474-1A3956D46DE8}") = "Lektion06WPF", "Lektion06WPF", "{149F0C43-7A09-4B7C-AF96-7DC42EFD4385}"
EndProject
Project("{FAE04EC0-301F-11D3-BF4B-00C04F79EFBC}") = "MyFirstWPF", "..\..\..\..\..\..\Downloads\Eksempler session 6\Eksempler Base\Session6Eksempler\MyFirstWPF\MyFirstWPF.csproj", "{FFFD03F8-9DE2-49DD-A2E8-77951B53C7EA}"
EndProject
Project("{2150E333-8FDC-42A3-9474-1A3956D46DE8}") = "Lektion06Eksempler", "Lektion06Eksempler", "{6B069689-FB2C-4527-965F-908C4112FED4}"
EndProject
Project("{FAE04EC0-301F-11D3-BF4B-00C04F79EFBC}") = "WpfAlignment", "..\..\..\..\..\..\Downloads\Eksempler session 6\Eksempler Base\Session6Eksempler\WpfApp1 Alignment\WpfApp1_Alignment\WpfApp1\WpfAlignment.csproj", "{CAC2BC8F-4600-4968-98B6-B242936DE2BD}"
EndProject
Project("{FAE04EC0-301F-11D3-BF4B-00C04F79EFBC}") = "WpfApp_StackPanel", "..\..\..\..\..\..\Downloads\Eksempler session 6\Eksempler Base\Session6Eksempler\WpfApp2 StackPanel\WpfApp2_StackPanel\WpfApp_StackPanel\WpfApp_StackPanel.csproj", "{97654F13-6B99-44F4-9F60-1ADCB7F8F041}"
EndProject
Project("{FAE04EC0-301F-11D3-BF4B-00C04F79EFBC}") = "WpfApp_GridPanel", "..\..\..\..\..\..\Downloads\Eksempler session 6\Eksempler Base\Session6Eksempler\WpfApp3 Grid_Panel\WpfApp_Grid_Panel\WpfApp_GridPanel\WpfApp_GridPanel.csproj", "{D8E93347-0626-4997-A96A-40183A643E4C}"
EndProject
Project("{9A19103F-16F7-4668-BE54-9A1E7A4F7556}") = "Øvelse6.1", "Øvelse6.1\Øvelse6.1.csproj", "{53A0C88A-C070-44A4-ACC1-ED840B12ACDC}"
EndProject
Project("{9A19103F-16F7-4668-BE54-9A1E7A4F7556}") = "Øvelse6.2", "Øvelse6.2\Øvelse6.2.csproj", "{341BA410-7D58-432E-8A99-D44BBC022517}"
EndProject
Project("{9A19103F-16F7-4668-BE54-9A1E7A4F7556}") = "Øvelse6.6", "Øvelse6.6\Øvelse6.6.csproj", "{1FA5F24E-D31C-4E08-B869-887E5E1FA7AB}"
EndProject
Project("{9A19103F-16F7-4668-BE54-9A1E7A4F7556}") = "Øvelse6.7", "Øvelse6.7\Øvelse6.7.csproj", "{E5E1FC70-5757-40B2-B34A-C6B534E3A904}"
EndProject
Project("{9A19103F-16F7-4668-BE54-9A1E7A4F7556}") = "Øvelse6.8", "Øvelse6.8\Øvelse6.8.csproj", "{E43CE23D-CB58-45C8-B0C0-426D82B82465}"
EndProject
Project("{2150E333-8FDC-42A3-9474-1A3956D46DE8}") = "Lektion07Eksempler", "Lektion07Eksempler", "{2B72A3F3-E8DE-41ED-A6E1-CEC8ECDAC9AA}"
EndProject
Project("{FAE04EC0-301F-11D3-BF4B-00C04F79EFBC}") = "Binding7_Set_in_code", "..\..\..\..\..\..\Downloads\Eksempler session 7\Eksempler session 7\Binding\Binding7_Set_in_code\Binding7_Set_in_code.csproj", "{62A8203D-055E-4158-9D1B-33A6C004E047}"
EndProject
Project("{FAE04EC0-301F-11D3-BF4B-00C04F79EFBC}") = "Binding6_ObservableCollection", "..\..\..\..\..\..\Downloads\Eksempler session 7\Eksempler session 7\Binding\Binding6_ObservableCollection\Binding6_ObservableCollection.csproj", "{C303A5CB-4FB9-4916-8246-E7289122EF62}"
EndProject
Project("{FAE04EC0-301F-11D3-BF4B-00C04F79EFBC}") = "Binding5_List", "..\..\..\..\..\..\Downloads\Eksempler session 7\Eksempler session 7\Binding\Binding5_List\Binding5_List.csproj", "{5EE3A175-9114-4756-B4DD-F27CCB8545E9}"
EndProject
Project("{FAE04EC0-301F-11D3-BF4B-00C04F79EFBC}") = "Binding4_TwoWay", "..\..\..\..\..\..\Downloads\Eksempler session 7\Eksempler session 7\Binding\Binding4_TwoWay\Binding4_TwoWay.csproj", "{79493FCB-819D-45AD-AB6D-7881BB4B8663}"
EndProject
Project("{FAE04EC0-301F-11D3-BF4B-00C04F79EFBC}") = "Binding3_Solution", "..\..\..\..\..\..\Downloads\Eksempler session 7\Eksempler session 7\Binding\Binding3_Solution\Binding3_Solution.csproj", "{51650113-C939-440B-AE64-D430A0579EF5}"
EndProject
Project("{FAE04EC0-301F-11D3-BF4B-00C04F79EFBC}") = "Binding_1_Simple", "..\..\..\..\..\..\Downloads\Eksempler session 7\Eksempler session 7\Binding\Binding\Binding_1_Simple.csproj", "{599273A2-F995-4864-B143-915FD1F93669}"
EndProject
Project("{2150E333-8FDC-42A3-9474-1A3956D46DE8}") = "Lektion07Binding", "Lektion07Binding", "{91AFF761-56BF-4D53-90C1-70536916D28B}"
EndProject
Project("{9A19103F-16F7-4668-BE54-9A1E7A4F7556}") = "Øvelse7.1", "Øvelse7.1\Øvelse7.1.csproj", "{DABB5F55-5A03-48AC-8FCC-C7965103537D}"
EndProject
Project("{9A19103F-16F7-4668-BE54-9A1E7A4F7556}") = "Øvelse7.4", "Øvelse7.4\Øvelse7.4.csproj", "{FFEAE3A5-BC3B-4065-BC92-BA2BD1007653}"
EndProject
Project("{2150E333-8FDC-42A3-9474-1A3956D46DE8}") = "Lektion08EntityFramework", "Lektion08EntityFramework", "{8CEBF7D4-784D-43DC-84F5-E14EDF463E7F}"
EndProject
Project("{9A19103F-16F7-4668-BE54-9A1E7A4F7556}") = "Øvelse8.1", "Øvelse8.1\Øvelse8.1.csproj", "{4F5E9346-2943-435A-8EBE-614663D2F385}"
EndProject
Project("{2150E333-8FDC-42A3-9474-1A3956D46DE8}") = "Lektion09TreLagsArkitektur", "Lektion09TreLagsArkitektur", "{BB48050F-F0F4-4AC2-89C2-04CCF9F3FF1A}"
EndProject
Project("{2150E333-8FDC-42A3-9474-1A3956D46DE8}") = "Lektion11MVC1", "Lektion11MVC1", "{5CCCD223-C5E2-4523-9084-FC8E699E947A}"
EndProject
Project("{9A19103F-16F7-4668-BE54-9A1E7A4F7556}") = "Øvelse11.1", "Øvelse11.1\Øvelse11.1.csproj", "{ECE9CCB3-BDFC-451E-9CC4-A8B13F66880A}"
EndProject
Project("{2150E333-8FDC-42A3-9474-1A3956D46DE8}") = "Lektion11EksempelMyFirstMVCWithRazor", "Lektion11EksempelMyFirstMVCWithRazor", "{D33F3F38-6F3A-4AD2-9A73-E62144CFD77C}"
EndProject
Project("{FAE04EC0-301F-11D3-BF4B-00C04F79EFBC}") = "MyFirstMVCWithRazor", "..\..\..\..\..\..\Downloads\Eksempler session 11\Eksempler\MyFirstMVCWithRazor\MyFirstMVCWithRazor\MyFirstMVCWithRazor.csproj", "{AD9BE0F1-ECC0-4C87-A0A7-A4A7FA8EC15A}"
EndProject
Project("{2150E333-8FDC-42A3-9474-1A3956D46DE8}") = "Lektion11EksemplAsSimpleAsItGets", "Lektion11EksemplAsSimpleAsItGets", "{3CB061C3-7B56-4E4C-BDF6-301479A3DA7E}"
EndProject
Project("{FAE04EC0-301F-11D3-BF4B-00C04F79EFBC}") = "AsSimpleAsItGets", "..\..\..\..\..\..\Downloads\Eksempler session 11\Eksempler\MyFirstMVCWithRazor\AsSimpleAsItGets\AsSimpleAsItGets.csproj", "{45011548-4AFF-4368-AF79-EAD41694563A}"
EndProject
Project("{2150E333-8FDC-42A3-9474-1A3956D46DE8}") = "Lektion13MvcUdvidet", "Lektion13MvcUdvidet", "{CB62D025-7D2D-488E-BB62-BBB9D66E5D01}"
EndProject
Project("{9A19103F-16F7-4668-BE54-9A1E7A4F7556}") = "StartUp_CORE", "..\..\..\..\..\..\Downloads\StartUp_CORE\StartUp_CORE\StartUp_CORE.csproj", "{7797FBE1-6F72-44E7-938A-91CFA31FA11A}"
EndProject
Project("{2150E333-8FDC-42A3-9474-1A3956D46DE8}") = "Lektion14Eksempler", "Lektion14Eksempler", "{D36ED3CB-7669-44F2-9827-E34BC9707A23}"
EndProject
Project("{FAE04EC0-301F-11D3-BF4B-00C04F79EFBC}") = "Html generation", "..\..\..\..\..\..\Downloads\Eksempler session 14\Eksempler\Html generation\Html generation\Html generation.csproj", "{AE36D206-E5A6-41F2-A4A5-126E8BF49EC8}"
EndProject
Project("{9A19103F-16F7-4668-BE54-9A1E7A4F7556}") = "Html generation CORE", "..\..\..\..\..\..\Downloads\Eksempler session 14\Eksempler\Html generation\Html generation CORE\Html generation CORE.csproj", "{59E62F87-1001-4168-9D3B-4122EB9B123C}"
EndProject
Project("{FAE04EC0-301F-11D3-BF4B-00C04F79EFBC}") = "CheckboxHelpers", "..\..\..\..\..\..\Downloads\Eksempler session 14\Eksempler\CheckboxHelpers\CheckboxHelpers\CheckboxHelpers.csproj", "{6EE1D4C7-77AC-47D9-B563-3F848D5F018E}"
EndProject
Project("{2150E333-8FDC-42A3-9474-1A3956D46DE8}") = "Lektion14HtmlHelpers", "Lektion14HtmlHelpers", "{AE5F4C8C-FF91-4581-AB43-CC9365A619FF}"
EndProject
Project("{9A19103F-16F7-4668-BE54-9A1E7A4F7556}") = "Excercise01", "Excercise01\Excercise01.csproj", "{A3559C97-9522-4D6C-BA0A-D7D3E3A230DD}"
EndProject
Project("{2150E333-8FDC-42A3-9474-1A3956D46DE8}") = "Lektion15UrlRoutingOgModelBinding", "Lektion15UrlRoutingOgModelBinding", "{C760179C-3AE7-4918-87AA-E62E47C0F02F}"
EndProject
Project("{2150E333-8FDC-42A3-9474-1A3956D46DE8}") = "Lektion15Eksempler", "Lektion15Eksempler", "{72F1337C-E1E6-40F9-AB99-60B040F0E472}"
EndProject
Project("{9A19103F-16F7-4668-BE54-9A1E7A4F7556}") = "RouteTestsCore", "..\..\..\..\..\..\Downloads\Eksempler session 15\Eksempler\RouteTestsCore\RouteTestsCore.csproj", "{8458D331-5573-4F33-8BD0-1F8C8D04A94C}"
EndProject
Project("{9A19103F-16F7-4668-BE54-9A1E7A4F7556}") = "ModelBindingCore", "..\..\..\..\..\..\Downloads\Eksempler session 15\Eksempler\ModelBindingCore\ModelBindingCore.csproj", "{9F44CDF1-01B1-4635-98A4-FB45E13CA8A2}"
EndProject
Project("{FAE04EC0-301F-11D3-BF4B-00C04F79EFBC}") = "WebApplication1", "WebApplication1\WebApplication1.csproj", "{019B52AB-6E64-4B79-950F-FEE4282B53FB}"
EndProject
Project("{2150E333-8FDC-42A3-9474-1A3956D46DE8}") = "Lektion16ViewsOgPartialViewsMVC", "Lektion16ViewsOgPartialViewsMVC", "{CB16FF4E-4BCF-418C-8FE6-02267EBC1B53}"
EndProject
Project("{FAE04EC0-301F-11D3-BF4B-00C04F79EFBC}") = "Øvelse1PartialViews", "Øvelse1PartialViews\Øvelse1PartialViews.csproj", "{EBFF26C3-9217-4AB1-9CF7-B59884893E2E}"
EndProject
Project("{FAE04EC0-301F-11D3-BF4B-00C04F79EFBC}") = "Øvelse2PartialView", "Øvelse2PartialView\Øvelse2PartialView.csproj", "{464BF307-2EF7-4619-B83F-F4BABC4BC0F3}"
EndProject
Project("{2150E333-8FDC-42A3-9474-1A3956D46DE8}") = "Lektion16Eksempler", "Lektion16Eksempler", "{76C584D5-0CFC-4A72-B4A5-3D35EE7C73A0}"
EndProject
Project("{9A19103F-16F7-4668-BE54-9A1E7A4F7556}") = "PartialAndComponents", "..\..\..\..\..\..\Downloads\Eksempel session 16\Eksempel\PartialAndComponents\PartialAndComponents\PartialAndComponents.csproj", "{DF205923-1760-4151-8AAA-94171D73FA83}"
EndProject
Project("{2150E333-8FDC-42A3-9474-1A3956D46DE8}") = "Lektion17Validation", "Lektion17Validation", "{4A381CF3-A254-4AB0-A6D8-A9727558776A}"
EndProject
Project("{2150E333-8FDC-42A3-9474-1A3956D46DE8}") = "Lektion17Eksempler", "Lektion17Eksempler", "{E83CA787-E9A8-4879-8889-15385D21171D}"
EndProject
Project("{FAE04EC0-301F-11D3-BF4B-00C04F79EFBC}") = "validationexamples", "..\..\..\..\..\..\Downloads\Session 17 - validationexamples\dag 17 - validationexamples\validationexamples\validationexamples\validationexamples.csproj", "{75F0A470-930E-4556-A262-18F96A5E3721}"
EndProject
Project("{9A19103F-16F7-4668-BE54-9A1E7A4F7556}") = "ValidationExamplesCore", "..\..\..\..\..\..\Downloads\Session 17 - validationexamples\dag 17 - validationexamples\validationexamples\ValidationExamplesCore\ValidationExamplesCore.csproj", "{A239C89D-8AFE-48DC-87A1-CF148A6DDA13}"
EndProject
Project("{9A19103F-16F7-4668-BE54-9A1E7A4F7556}") = "Shoes", "..\..\..\..\..\..\Downloads\Opgave Start session 17\Opgave Start session 17\Shoes\Shoes\Shoes.csproj", "{242CFF77-4605-40EF-B76F-46F709AD26CC}"
EndProject
Global
	GlobalSection(SolutionConfigurationPlatforms) = preSolution
		Debug|Any CPU = Debug|Any CPU
		Release|Any CPU = Release|Any CPU
	EndGlobalSection
	GlobalSection(ProjectConfigurationPlatforms) = postSolution
		{36D72294-A704-4E36-A730-0F8220A7C4C7}.Debug|Any CPU.ActiveCfg = Debug|Any CPU
		{36D72294-A704-4E36-A730-0F8220A7C4C7}.Debug|Any CPU.Build.0 = Debug|Any CPU
		{36D72294-A704-4E36-A730-0F8220A7C4C7}.Release|Any CPU.ActiveCfg = Release|Any CPU
		{36D72294-A704-4E36-A730-0F8220A7C4C7}.Release|Any CPU.Build.0 = Release|Any CPU
		{4737D070-21E0-4F4A-8F27-0C4E3576C2EE}.Debug|Any CPU.ActiveCfg = Debug|Any CPU
		{4737D070-21E0-4F4A-8F27-0C4E3576C2EE}.Debug|Any CPU.Build.0 = Debug|Any CPU
		{4737D070-21E0-4F4A-8F27-0C4E3576C2EE}.Release|Any CPU.ActiveCfg = Release|Any CPU
		{4737D070-21E0-4F4A-8F27-0C4E3576C2EE}.Release|Any CPU.Build.0 = Release|Any CPU
		{441A2AA0-455D-4BDD-9CF6-910620E8715C}.Debug|Any CPU.ActiveCfg = Debug|Any CPU
		{441A2AA0-455D-4BDD-9CF6-910620E8715C}.Debug|Any CPU.Build.0 = Debug|Any CPU
		{441A2AA0-455D-4BDD-9CF6-910620E8715C}.Release|Any CPU.ActiveCfg = Release|Any CPU
		{441A2AA0-455D-4BDD-9CF6-910620E8715C}.Release|Any CPU.Build.0 = Release|Any CPU
		{3211FA22-05EE-42D0-B7FE-B1A33B8BCFB7}.Debug|Any CPU.ActiveCfg = Debug|Any CPU
		{3211FA22-05EE-42D0-B7FE-B1A33B8BCFB7}.Debug|Any CPU.Build.0 = Debug|Any CPU
		{3211FA22-05EE-42D0-B7FE-B1A33B8BCFB7}.Release|Any CPU.ActiveCfg = Release|Any CPU
		{3211FA22-05EE-42D0-B7FE-B1A33B8BCFB7}.Release|Any CPU.Build.0 = Release|Any CPU
		{CEDF1970-CD54-4E88-AB5B-E7FB549EB6F4}.Debug|Any CPU.ActiveCfg = Debug|Any CPU
		{CEDF1970-CD54-4E88-AB5B-E7FB549EB6F4}.Debug|Any CPU.Build.0 = Debug|Any CPU
		{CEDF1970-CD54-4E88-AB5B-E7FB549EB6F4}.Release|Any CPU.ActiveCfg = Release|Any CPU
		{CEDF1970-CD54-4E88-AB5B-E7FB549EB6F4}.Release|Any CPU.Build.0 = Release|Any CPU
		{76356340-DA23-4B82-93A7-FCE711B30F89}.Debug|Any CPU.ActiveCfg = Debug|Any CPU
		{76356340-DA23-4B82-93A7-FCE711B30F89}.Debug|Any CPU.Build.0 = Debug|Any CPU
		{76356340-DA23-4B82-93A7-FCE711B30F89}.Release|Any CPU.ActiveCfg = Release|Any CPU
		{76356340-DA23-4B82-93A7-FCE711B30F89}.Release|Any CPU.Build.0 = Release|Any CPU
		{7AFB1FD1-E436-4779-8916-28574EC1D52C}.Debug|Any CPU.ActiveCfg = Debug|Any CPU
		{7AFB1FD1-E436-4779-8916-28574EC1D52C}.Debug|Any CPU.Build.0 = Debug|Any CPU
		{7AFB1FD1-E436-4779-8916-28574EC1D52C}.Release|Any CPU.ActiveCfg = Release|Any CPU
		{7AFB1FD1-E436-4779-8916-28574EC1D52C}.Release|Any CPU.Build.0 = Release|Any CPU
		{8B7991B5-3124-459A-ABF3-056876CBE11A}.Debug|Any CPU.ActiveCfg = Debug|Any CPU
		{8B7991B5-3124-459A-ABF3-056876CBE11A}.Debug|Any CPU.Build.0 = Debug|Any CPU
		{8B7991B5-3124-459A-ABF3-056876CBE11A}.Release|Any CPU.ActiveCfg = Release|Any CPU
		{8B7991B5-3124-459A-ABF3-056876CBE11A}.Release|Any CPU.Build.0 = Release|Any CPU
		{F6CF89C5-1BE8-410B-96ED-BA8D060530E1}.Debug|Any CPU.ActiveCfg = Debug|Any CPU
		{F6CF89C5-1BE8-410B-96ED-BA8D060530E1}.Debug|Any CPU.Build.0 = Debug|Any CPU
		{F6CF89C5-1BE8-410B-96ED-BA8D060530E1}.Release|Any CPU.ActiveCfg = Release|Any CPU
		{F6CF89C5-1BE8-410B-96ED-BA8D060530E1}.Release|Any CPU.Build.0 = Release|Any CPU
		{21C38304-E3B7-498F-9C4D-5579D581AC45}.Debug|Any CPU.ActiveCfg = Debug|Any CPU
		{21C38304-E3B7-498F-9C4D-5579D581AC45}.Debug|Any CPU.Build.0 = Debug|Any CPU
		{21C38304-E3B7-498F-9C4D-5579D581AC45}.Release|Any CPU.ActiveCfg = Release|Any CPU
		{21C38304-E3B7-498F-9C4D-5579D581AC45}.Release|Any CPU.Build.0 = Release|Any CPU
		{0C8CB5EF-2404-4F5E-81DB-F4BDE34E6B1F}.Debug|Any CPU.ActiveCfg = Debug|Any CPU
		{0C8CB5EF-2404-4F5E-81DB-F4BDE34E6B1F}.Debug|Any CPU.Build.0 = Debug|Any CPU
		{0C8CB5EF-2404-4F5E-81DB-F4BDE34E6B1F}.Release|Any CPU.ActiveCfg = Release|Any CPU
		{0C8CB5EF-2404-4F5E-81DB-F4BDE34E6B1F}.Release|Any CPU.Build.0 = Release|Any CPU
		{BCA7CB94-D871-465C-8CD5-1CD846C282AA}.Debug|Any CPU.ActiveCfg = Debug|Any CPU
		{BCA7CB94-D871-465C-8CD5-1CD846C282AA}.Debug|Any CPU.Build.0 = Debug|Any CPU
		{BCA7CB94-D871-465C-8CD5-1CD846C282AA}.Release|Any CPU.ActiveCfg = Release|Any CPU
		{BCA7CB94-D871-465C-8CD5-1CD846C282AA}.Release|Any CPU.Build.0 = Release|Any CPU
		{4CBE8E0B-EF6F-4715-9AE2-00BDD4E9AB37}.Debug|Any CPU.ActiveCfg = Debug|Any CPU
		{4CBE8E0B-EF6F-4715-9AE2-00BDD4E9AB37}.Debug|Any CPU.Build.0 = Debug|Any CPU
		{4CBE8E0B-EF6F-4715-9AE2-00BDD4E9AB37}.Release|Any CPU.ActiveCfg = Release|Any CPU
		{4CBE8E0B-EF6F-4715-9AE2-00BDD4E9AB37}.Release|Any CPU.Build.0 = Release|Any CPU
		{5DFD601F-B45C-4FB8-A3E2-F0FA0B62F6A1}.Debug|Any CPU.ActiveCfg = Debug|Any CPU
		{5DFD601F-B45C-4FB8-A3E2-F0FA0B62F6A1}.Debug|Any CPU.Build.0 = Debug|Any CPU
		{5DFD601F-B45C-4FB8-A3E2-F0FA0B62F6A1}.Release|Any CPU.ActiveCfg = Release|Any CPU
		{5DFD601F-B45C-4FB8-A3E2-F0FA0B62F6A1}.Release|Any CPU.Build.0 = Release|Any CPU
		{267F13A1-2D1D-4D8F-901C-7E9EAE85F7CF}.Debug|Any CPU.ActiveCfg = Debug|Any CPU
		{267F13A1-2D1D-4D8F-901C-7E9EAE85F7CF}.Debug|Any CPU.Build.0 = Debug|Any CPU
		{267F13A1-2D1D-4D8F-901C-7E9EAE85F7CF}.Release|Any CPU.ActiveCfg = Release|Any CPU
		{267F13A1-2D1D-4D8F-901C-7E9EAE85F7CF}.Release|Any CPU.Build.0 = Release|Any CPU
		{D47904C3-7C89-4613-B07C-6AB910F10155}.Debug|Any CPU.ActiveCfg = Debug|Any CPU
		{D47904C3-7C89-4613-B07C-6AB910F10155}.Debug|Any CPU.Build.0 = Debug|Any CPU
		{D47904C3-7C89-4613-B07C-6AB910F10155}.Release|Any CPU.ActiveCfg = Release|Any CPU
		{D47904C3-7C89-4613-B07C-6AB910F10155}.Release|Any CPU.Build.0 = Release|Any CPU
		{A64AA4E0-5570-444D-A842-C8ABB847BC69}.Debug|Any CPU.ActiveCfg = Debug|Any CPU
		{A64AA4E0-5570-444D-A842-C8ABB847BC69}.Debug|Any CPU.Build.0 = Debug|Any CPU
		{A64AA4E0-5570-444D-A842-C8ABB847BC69}.Release|Any CPU.ActiveCfg = Release|Any CPU
		{A64AA4E0-5570-444D-A842-C8ABB847BC69}.Release|Any CPU.Build.0 = Release|Any CPU
		{8024604A-7825-4785-A17E-9B5A8D942A77}.Debug|Any CPU.ActiveCfg = Debug|Any CPU
		{8024604A-7825-4785-A17E-9B5A8D942A77}.Debug|Any CPU.Build.0 = Debug|Any CPU
		{8024604A-7825-4785-A17E-9B5A8D942A77}.Release|Any CPU.ActiveCfg = Release|Any CPU
		{8024604A-7825-4785-A17E-9B5A8D942A77}.Release|Any CPU.Build.0 = Release|Any CPU
		{6A303196-312B-4650-A2E0-0626702A7E2B}.Debug|Any CPU.ActiveCfg = Debug|Any CPU
		{6A303196-312B-4650-A2E0-0626702A7E2B}.Debug|Any CPU.Build.0 = Debug|Any CPU
		{6A303196-312B-4650-A2E0-0626702A7E2B}.Release|Any CPU.ActiveCfg = Release|Any CPU
		{6A303196-312B-4650-A2E0-0626702A7E2B}.Release|Any CPU.Build.0 = Release|Any CPU
		{4C1FE22D-2B8F-40FD-A796-351E1130AE5B}.Debug|Any CPU.ActiveCfg = Debug|Any CPU
		{4C1FE22D-2B8F-40FD-A796-351E1130AE5B}.Debug|Any CPU.Build.0 = Debug|Any CPU
		{4C1FE22D-2B8F-40FD-A796-351E1130AE5B}.Release|Any CPU.ActiveCfg = Release|Any CPU
		{4C1FE22D-2B8F-40FD-A796-351E1130AE5B}.Release|Any CPU.Build.0 = Release|Any CPU
		{A131F7A7-2A88-4A22-A08F-5AB94DA94590}.Debug|Any CPU.ActiveCfg = Debug|Any CPU
		{A131F7A7-2A88-4A22-A08F-5AB94DA94590}.Debug|Any CPU.Build.0 = Debug|Any CPU
		{A131F7A7-2A88-4A22-A08F-5AB94DA94590}.Release|Any CPU.ActiveCfg = Release|Any CPU
		{A131F7A7-2A88-4A22-A08F-5AB94DA94590}.Release|Any CPU.Build.0 = Release|Any CPU
		{77A4B901-650C-4934-BB68-F38B8F369C5E}.Debug|Any CPU.ActiveCfg = Debug|Any CPU
		{77A4B901-650C-4934-BB68-F38B8F369C5E}.Debug|Any CPU.Build.0 = Debug|Any CPU
		{77A4B901-650C-4934-BB68-F38B8F369C5E}.Release|Any CPU.ActiveCfg = Release|Any CPU
		{77A4B901-650C-4934-BB68-F38B8F369C5E}.Release|Any CPU.Build.0 = Release|Any CPU
		{FFFD03F8-9DE2-49DD-A2E8-77951B53C7EA}.Debug|Any CPU.ActiveCfg = Debug|Any CPU
		{FFFD03F8-9DE2-49DD-A2E8-77951B53C7EA}.Debug|Any CPU.Build.0 = Debug|Any CPU
		{FFFD03F8-9DE2-49DD-A2E8-77951B53C7EA}.Release|Any CPU.ActiveCfg = Release|Any CPU
		{FFFD03F8-9DE2-49DD-A2E8-77951B53C7EA}.Release|Any CPU.Build.0 = Release|Any CPU
		{CAC2BC8F-4600-4968-98B6-B242936DE2BD}.Debug|Any CPU.ActiveCfg = Debug|Any CPU
		{CAC2BC8F-4600-4968-98B6-B242936DE2BD}.Debug|Any CPU.Build.0 = Debug|Any CPU
		{CAC2BC8F-4600-4968-98B6-B242936DE2BD}.Release|Any CPU.ActiveCfg = Release|Any CPU
		{CAC2BC8F-4600-4968-98B6-B242936DE2BD}.Release|Any CPU.Build.0 = Release|Any CPU
		{97654F13-6B99-44F4-9F60-1ADCB7F8F041}.Debug|Any CPU.ActiveCfg = Debug|Any CPU
		{97654F13-6B99-44F4-9F60-1ADCB7F8F041}.Debug|Any CPU.Build.0 = Debug|Any CPU
		{97654F13-6B99-44F4-9F60-1ADCB7F8F041}.Release|Any CPU.ActiveCfg = Release|Any CPU
		{97654F13-6B99-44F4-9F60-1ADCB7F8F041}.Release|Any CPU.Build.0 = Release|Any CPU
		{D8E93347-0626-4997-A96A-40183A643E4C}.Debug|Any CPU.ActiveCfg = Debug|Any CPU
		{D8E93347-0626-4997-A96A-40183A643E4C}.Debug|Any CPU.Build.0 = Debug|Any CPU
		{D8E93347-0626-4997-A96A-40183A643E4C}.Release|Any CPU.ActiveCfg = Release|Any CPU
		{D8E93347-0626-4997-A96A-40183A643E4C}.Release|Any CPU.Build.0 = Release|Any CPU
		{53A0C88A-C070-44A4-ACC1-ED840B12ACDC}.Debug|Any CPU.ActiveCfg = Debug|Any CPU
		{53A0C88A-C070-44A4-ACC1-ED840B12ACDC}.Debug|Any CPU.Build.0 = Debug|Any CPU
		{53A0C88A-C070-44A4-ACC1-ED840B12ACDC}.Release|Any CPU.ActiveCfg = Release|Any CPU
		{53A0C88A-C070-44A4-ACC1-ED840B12ACDC}.Release|Any CPU.Build.0 = Release|Any CPU
		{341BA410-7D58-432E-8A99-D44BBC022517}.Debug|Any CPU.ActiveCfg = Debug|Any CPU
		{341BA410-7D58-432E-8A99-D44BBC022517}.Debug|Any CPU.Build.0 = Debug|Any CPU
		{341BA410-7D58-432E-8A99-D44BBC022517}.Release|Any CPU.ActiveCfg = Release|Any CPU
		{341BA410-7D58-432E-8A99-D44BBC022517}.Release|Any CPU.Build.0 = Release|Any CPU
		{1FA5F24E-D31C-4E08-B869-887E5E1FA7AB}.Debug|Any CPU.ActiveCfg = Debug|Any CPU
		{1FA5F24E-D31C-4E08-B869-887E5E1FA7AB}.Debug|Any CPU.Build.0 = Debug|Any CPU
		{1FA5F24E-D31C-4E08-B869-887E5E1FA7AB}.Release|Any CPU.ActiveCfg = Release|Any CPU
		{1FA5F24E-D31C-4E08-B869-887E5E1FA7AB}.Release|Any CPU.Build.0 = Release|Any CPU
		{E5E1FC70-5757-40B2-B34A-C6B534E3A904}.Debug|Any CPU.ActiveCfg = Debug|Any CPU
		{E5E1FC70-5757-40B2-B34A-C6B534E3A904}.Debug|Any CPU.Build.0 = Debug|Any CPU
		{E5E1FC70-5757-40B2-B34A-C6B534E3A904}.Release|Any CPU.ActiveCfg = Release|Any CPU
		{E5E1FC70-5757-40B2-B34A-C6B534E3A904}.Release|Any CPU.Build.0 = Release|Any CPU
		{E43CE23D-CB58-45C8-B0C0-426D82B82465}.Debug|Any CPU.ActiveCfg = Debug|Any CPU
		{E43CE23D-CB58-45C8-B0C0-426D82B82465}.Debug|Any CPU.Build.0 = Debug|Any CPU
		{E43CE23D-CB58-45C8-B0C0-426D82B82465}.Release|Any CPU.ActiveCfg = Release|Any CPU
		{E43CE23D-CB58-45C8-B0C0-426D82B82465}.Release|Any CPU.Build.0 = Release|Any CPU
		{62A8203D-055E-4158-9D1B-33A6C004E047}.Debug|Any CPU.ActiveCfg = Debug|Any CPU
		{62A8203D-055E-4158-9D1B-33A6C004E047}.Debug|Any CPU.Build.0 = Debug|Any CPU
		{62A8203D-055E-4158-9D1B-33A6C004E047}.Release|Any CPU.ActiveCfg = Release|Any CPU
		{62A8203D-055E-4158-9D1B-33A6C004E047}.Release|Any CPU.Build.0 = Release|Any CPU
		{C303A5CB-4FB9-4916-8246-E7289122EF62}.Debug|Any CPU.ActiveCfg = Debug|Any CPU
		{C303A5CB-4FB9-4916-8246-E7289122EF62}.Debug|Any CPU.Build.0 = Debug|Any CPU
		{C303A5CB-4FB9-4916-8246-E7289122EF62}.Release|Any CPU.ActiveCfg = Release|Any CPU
		{C303A5CB-4FB9-4916-8246-E7289122EF62}.Release|Any CPU.Build.0 = Release|Any CPU
		{5EE3A175-9114-4756-B4DD-F27CCB8545E9}.Debug|Any CPU.ActiveCfg = Debug|Any CPU
		{5EE3A175-9114-4756-B4DD-F27CCB8545E9}.Debug|Any CPU.Build.0 = Debug|Any CPU
		{5EE3A175-9114-4756-B4DD-F27CCB8545E9}.Release|Any CPU.ActiveCfg = Release|Any CPU
		{5EE3A175-9114-4756-B4DD-F27CCB8545E9}.Release|Any CPU.Build.0 = Release|Any CPU
		{79493FCB-819D-45AD-AB6D-7881BB4B8663}.Debug|Any CPU.ActiveCfg = Debug|Any CPU
		{79493FCB-819D-45AD-AB6D-7881BB4B8663}.Debug|Any CPU.Build.0 = Debug|Any CPU
		{79493FCB-819D-45AD-AB6D-7881BB4B8663}.Release|Any CPU.ActiveCfg = Release|Any CPU
		{79493FCB-819D-45AD-AB6D-7881BB4B8663}.Release|Any CPU.Build.0 = Release|Any CPU
		{51650113-C939-440B-AE64-D430A0579EF5}.Debug|Any CPU.ActiveCfg = Debug|Any CPU
		{51650113-C939-440B-AE64-D430A0579EF5}.Debug|Any CPU.Build.0 = Debug|Any CPU
		{51650113-C939-440B-AE64-D430A0579EF5}.Release|Any CPU.ActiveCfg = Release|Any CPU
		{51650113-C939-440B-AE64-D430A0579EF5}.Release|Any CPU.Build.0 = Release|Any CPU
		{599273A2-F995-4864-B143-915FD1F93669}.Debug|Any CPU.ActiveCfg = Debug|Any CPU
		{599273A2-F995-4864-B143-915FD1F93669}.Debug|Any CPU.Build.0 = Debug|Any CPU
		{599273A2-F995-4864-B143-915FD1F93669}.Release|Any CPU.ActiveCfg = Release|Any CPU
		{599273A2-F995-4864-B143-915FD1F93669}.Release|Any CPU.Build.0 = Release|Any CPU
		{DABB5F55-5A03-48AC-8FCC-C7965103537D}.Debug|Any CPU.ActiveCfg = Debug|Any CPU
		{DABB5F55-5A03-48AC-8FCC-C7965103537D}.Debug|Any CPU.Build.0 = Debug|Any CPU
		{DABB5F55-5A03-48AC-8FCC-C7965103537D}.Release|Any CPU.ActiveCfg = Release|Any CPU
		{DABB5F55-5A03-48AC-8FCC-C7965103537D}.Release|Any CPU.Build.0 = Release|Any CPU
		{FFEAE3A5-BC3B-4065-BC92-BA2BD1007653}.Debug|Any CPU.ActiveCfg = Debug|Any CPU
		{FFEAE3A5-BC3B-4065-BC92-BA2BD1007653}.Debug|Any CPU.Build.0 = Debug|Any CPU
		{FFEAE3A5-BC3B-4065-BC92-BA2BD1007653}.Release|Any CPU.ActiveCfg = Release|Any CPU
		{FFEAE3A5-BC3B-4065-BC92-BA2BD1007653}.Release|Any CPU.Build.0 = Release|Any CPU
		{4F5E9346-2943-435A-8EBE-614663D2F385}.Debug|Any CPU.ActiveCfg = Debug|Any CPU
		{4F5E9346-2943-435A-8EBE-614663D2F385}.Debug|Any CPU.Build.0 = Debug|Any CPU
		{4F5E9346-2943-435A-8EBE-614663D2F385}.Release|Any CPU.ActiveCfg = Release|Any CPU
		{4F5E9346-2943-435A-8EBE-614663D2F385}.Release|Any CPU.Build.0 = Release|Any CPU
		{ECE9CCB3-BDFC-451E-9CC4-A8B13F66880A}.Debug|Any CPU.ActiveCfg = Debug|Any CPU
		{ECE9CCB3-BDFC-451E-9CC4-A8B13F66880A}.Debug|Any CPU.Build.0 = Debug|Any CPU
		{ECE9CCB3-BDFC-451E-9CC4-A8B13F66880A}.Release|Any CPU.ActiveCfg = Release|Any CPU
		{ECE9CCB3-BDFC-451E-9CC4-A8B13F66880A}.Release|Any CPU.Build.0 = Release|Any CPU
		{AD9BE0F1-ECC0-4C87-A0A7-A4A7FA8EC15A}.Debug|Any CPU.ActiveCfg = Debug|Any CPU
		{AD9BE0F1-ECC0-4C87-A0A7-A4A7FA8EC15A}.Debug|Any CPU.Build.0 = Debug|Any CPU
		{AD9BE0F1-ECC0-4C87-A0A7-A4A7FA8EC15A}.Release|Any CPU.ActiveCfg = Release|Any CPU
		{AD9BE0F1-ECC0-4C87-A0A7-A4A7FA8EC15A}.Release|Any CPU.Build.0 = Release|Any CPU
		{45011548-4AFF-4368-AF79-EAD41694563A}.Debug|Any CPU.ActiveCfg = Debug|Any CPU
		{45011548-4AFF-4368-AF79-EAD41694563A}.Debug|Any CPU.Build.0 = Debug|Any CPU
		{45011548-4AFF-4368-AF79-EAD41694563A}.Release|Any CPU.ActiveCfg = Release|Any CPU
		{45011548-4AFF-4368-AF79-EAD41694563A}.Release|Any CPU.Build.0 = Release|Any CPU
		{7797FBE1-6F72-44E7-938A-91CFA31FA11A}.Debug|Any CPU.ActiveCfg = Debug|Any CPU
		{7797FBE1-6F72-44E7-938A-91CFA31FA11A}.Debug|Any CPU.Build.0 = Debug|Any CPU
		{7797FBE1-6F72-44E7-938A-91CFA31FA11A}.Release|Any CPU.ActiveCfg = Release|Any CPU
		{7797FBE1-6F72-44E7-938A-91CFA31FA11A}.Release|Any CPU.Build.0 = Release|Any CPU
		{AE36D206-E5A6-41F2-A4A5-126E8BF49EC8}.Debug|Any CPU.ActiveCfg = Debug|Any CPU
		{AE36D206-E5A6-41F2-A4A5-126E8BF49EC8}.Debug|Any CPU.Build.0 = Debug|Any CPU
		{AE36D206-E5A6-41F2-A4A5-126E8BF49EC8}.Release|Any CPU.ActiveCfg = Release|Any CPU
		{AE36D206-E5A6-41F2-A4A5-126E8BF49EC8}.Release|Any CPU.Build.0 = Release|Any CPU
		{59E62F87-1001-4168-9D3B-4122EB9B123C}.Debug|Any CPU.ActiveCfg = Debug|Any CPU
		{59E62F87-1001-4168-9D3B-4122EB9B123C}.Debug|Any CPU.Build.0 = Debug|Any CPU
		{59E62F87-1001-4168-9D3B-4122EB9B123C}.Release|Any CPU.ActiveCfg = Release|Any CPU
		{59E62F87-1001-4168-9D3B-4122EB9B123C}.Release|Any CPU.Build.0 = Release|Any CPU
		{6EE1D4C7-77AC-47D9-B563-3F848D5F018E}.Debug|Any CPU.ActiveCfg = Debug|Any CPU
		{6EE1D4C7-77AC-47D9-B563-3F848D5F018E}.Debug|Any CPU.Build.0 = Debug|Any CPU
		{6EE1D4C7-77AC-47D9-B563-3F848D5F018E}.Release|Any CPU.ActiveCfg = Release|Any CPU
		{6EE1D4C7-77AC-47D9-B563-3F848D5F018E}.Release|Any CPU.Build.0 = Release|Any CPU
		{A3559C97-9522-4D6C-BA0A-D7D3E3A230DD}.Debug|Any CPU.ActiveCfg = Debug|Any CPU
		{A3559C97-9522-4D6C-BA0A-D7D3E3A230DD}.Debug|Any CPU.Build.0 = Debug|Any CPU
		{A3559C97-9522-4D6C-BA0A-D7D3E3A230DD}.Release|Any CPU.ActiveCfg = Release|Any CPU
		{A3559C97-9522-4D6C-BA0A-D7D3E3A230DD}.Release|Any CPU.Build.0 = Release|Any CPU
		{8458D331-5573-4F33-8BD0-1F8C8D04A94C}.Debug|Any CPU.ActiveCfg = Debug|Any CPU
		{8458D331-5573-4F33-8BD0-1F8C8D04A94C}.Debug|Any CPU.Build.0 = Debug|Any CPU
		{8458D331-5573-4F33-8BD0-1F8C8D04A94C}.Release|Any CPU.ActiveCfg = Release|Any CPU
		{8458D331-5573-4F33-8BD0-1F8C8D04A94C}.Release|Any CPU.Build.0 = Release|Any CPU
		{9F44CDF1-01B1-4635-98A4-FB45E13CA8A2}.Debug|Any CPU.ActiveCfg = Debug|Any CPU
		{9F44CDF1-01B1-4635-98A4-FB45E13CA8A2}.Debug|Any CPU.Build.0 = Debug|Any CPU
		{9F44CDF1-01B1-4635-98A4-FB45E13CA8A2}.Release|Any CPU.ActiveCfg = Release|Any CPU
		{9F44CDF1-01B1-4635-98A4-FB45E13CA8A2}.Release|Any CPU.Build.0 = Release|Any CPU
		{019B52AB-6E64-4B79-950F-FEE4282B53FB}.Debug|Any CPU.ActiveCfg = Debug|Any CPU
		{019B52AB-6E64-4B79-950F-FEE4282B53FB}.Debug|Any CPU.Build.0 = Debug|Any CPU
		{019B52AB-6E64-4B79-950F-FEE4282B53FB}.Release|Any CPU.ActiveCfg = Release|Any CPU
		{019B52AB-6E64-4B79-950F-FEE4282B53FB}.Release|Any CPU.Build.0 = Release|Any CPU
		{EBFF26C3-9217-4AB1-9CF7-B59884893E2E}.Debug|Any CPU.ActiveCfg = Debug|Any CPU
		{EBFF26C3-9217-4AB1-9CF7-B59884893E2E}.Debug|Any CPU.Build.0 = Debug|Any CPU
		{EBFF26C3-9217-4AB1-9CF7-B59884893E2E}.Release|Any CPU.ActiveCfg = Release|Any CPU
		{EBFF26C3-9217-4AB1-9CF7-B59884893E2E}.Release|Any CPU.Build.0 = Release|Any CPU
		{464BF307-2EF7-4619-B83F-F4BABC4BC0F3}.Debug|Any CPU.ActiveCfg = Debug|Any CPU
		{464BF307-2EF7-4619-B83F-F4BABC4BC0F3}.Debug|Any CPU.Build.0 = Debug|Any CPU
		{464BF307-2EF7-4619-B83F-F4BABC4BC0F3}.Release|Any CPU.ActiveCfg = Release|Any CPU
		{464BF307-2EF7-4619-B83F-F4BABC4BC0F3}.Release|Any CPU.Build.0 = Release|Any CPU
		{DF205923-1760-4151-8AAA-94171D73FA83}.Debug|Any CPU.ActiveCfg = Debug|Any CPU
		{DF205923-1760-4151-8AAA-94171D73FA83}.Debug|Any CPU.Build.0 = Debug|Any CPU
		{DF205923-1760-4151-8AAA-94171D73FA83}.Release|Any CPU.ActiveCfg = Release|Any CPU
		{DF205923-1760-4151-8AAA-94171D73FA83}.Release|Any CPU.Build.0 = Release|Any CPU
		{75F0A470-930E-4556-A262-18F96A5E3721}.Debug|Any CPU.ActiveCfg = Debug|Any CPU
		{75F0A470-930E-4556-A262-18F96A5E3721}.Debug|Any CPU.Build.0 = Debug|Any CPU
		{75F0A470-930E-4556-A262-18F96A5E3721}.Release|Any CPU.ActiveCfg = Release|Any CPU
		{75F0A470-930E-4556-A262-18F96A5E3721}.Release|Any CPU.Build.0 = Release|Any CPU
		{A239C89D-8AFE-48DC-87A1-CF148A6DDA13}.Debug|Any CPU.ActiveCfg = Debug|Any CPU
		{A239C89D-8AFE-48DC-87A1-CF148A6DDA13}.Debug|Any CPU.Build.0 = Debug|Any CPU
		{A239C89D-8AFE-48DC-87A1-CF148A6DDA13}.Release|Any CPU.ActiveCfg = Release|Any CPU
		{A239C89D-8AFE-48DC-87A1-CF148A6DDA13}.Release|Any CPU.Build.0 = Release|Any CPU
		{242CFF77-4605-40EF-B76F-46F709AD26CC}.Debug|Any CPU.ActiveCfg = Debug|Any CPU
		{242CFF77-4605-40EF-B76F-46F709AD26CC}.Debug|Any CPU.Build.0 = Debug|Any CPU
		{242CFF77-4605-40EF-B76F-46F709AD26CC}.Release|Any CPU.ActiveCfg = Release|Any CPU
		{242CFF77-4605-40EF-B76F-46F709AD26CC}.Release|Any CPU.Build.0 = Release|Any CPU
	EndGlobalSection
	GlobalSection(SolutionProperties) = preSolution
		HideSolutionNode = FALSE
	EndGlobalSection
	GlobalSection(NestedProjects) = preSolution
		{36D72294-A704-4E36-A730-0F8220A7C4C7} = {3C62AA68-06C4-4205-94E2-90FFBC9739A7}
		{4737D070-21E0-4F4A-8F27-0C4E3576C2EE} = {3C62AA68-06C4-4205-94E2-90FFBC9739A7}
		{441A2AA0-455D-4BDD-9CF6-910620E8715C} = {F844F34A-02AB-4DC8-9E88-73F1A40F569C}
		{3211FA22-05EE-42D0-B7FE-B1A33B8BCFB7} = {F844F34A-02AB-4DC8-9E88-73F1A40F569C}
		{CEDF1970-CD54-4E88-AB5B-E7FB549EB6F4} = {5BDE4EF8-E9A3-4AEA-B019-A36D6658E696}
		{76356340-DA23-4B82-93A7-FCE711B30F89} = {5BDE4EF8-E9A3-4AEA-B019-A36D6658E696}
		{7AFB1FD1-E436-4779-8916-28574EC1D52C} = {BE8F59FB-D760-499E-8DFA-4CA88520BAA6}
		{8B7991B5-3124-459A-ABF3-056876CBE11A} = {BE8F59FB-D760-499E-8DFA-4CA88520BAA6}
		{F6CF89C5-1BE8-410B-96ED-BA8D060530E1} = {70EB4715-3EEC-45C3-840C-4F6EFD006E26}
		{21C38304-E3B7-498F-9C4D-5579D581AC45} = {70EB4715-3EEC-45C3-840C-4F6EFD006E26}
		{0C8CB5EF-2404-4F5E-81DB-F4BDE34E6B1F} = {70EB4715-3EEC-45C3-840C-4F6EFD006E26}
		{BCA7CB94-D871-465C-8CD5-1CD846C282AA} = {BE8F59FB-D760-499E-8DFA-4CA88520BAA6}
		{4CBE8E0B-EF6F-4715-9AE2-00BDD4E9AB37} = {BE8F59FB-D760-499E-8DFA-4CA88520BAA6}
		{5DFD601F-B45C-4FB8-A3E2-F0FA0B62F6A1} = {BE8F59FB-D760-499E-8DFA-4CA88520BAA6}
		{267F13A1-2D1D-4D8F-901C-7E9EAE85F7CF} = {BE8F59FB-D760-499E-8DFA-4CA88520BAA6}
		{D47904C3-7C89-4613-B07C-6AB910F10155} = {BE8F59FB-D760-499E-8DFA-4CA88520BAA6}
		{A64AA4E0-5570-444D-A842-C8ABB847BC69} = {616F6EE5-337D-40F1-AAD6-54444FA4F4D1}
		{8024604A-7825-4785-A17E-9B5A8D942A77} = {616F6EE5-337D-40F1-AAD6-54444FA4F4D1}
		{6A303196-312B-4650-A2E0-0626702A7E2B} = {616F6EE5-337D-40F1-AAD6-54444FA4F4D1}
		{4C1FE22D-2B8F-40FD-A796-351E1130AE5B} = {616F6EE5-337D-40F1-AAD6-54444FA4F4D1}
		{A131F7A7-2A88-4A22-A08F-5AB94DA94590} = {288824B4-AD65-4E35-939D-C307CBD8A33D}
		{77A4B901-650C-4934-BB68-F38B8F369C5E} = {288824B4-AD65-4E35-939D-C307CBD8A33D}
		{FFFD03F8-9DE2-49DD-A2E8-77951B53C7EA} = {6B069689-FB2C-4527-965F-908C4112FED4}
		{CAC2BC8F-4600-4968-98B6-B242936DE2BD} = {6B069689-FB2C-4527-965F-908C4112FED4}
		{97654F13-6B99-44F4-9F60-1ADCB7F8F041} = {6B069689-FB2C-4527-965F-908C4112FED4}
		{D8E93347-0626-4997-A96A-40183A643E4C} = {6B069689-FB2C-4527-965F-908C4112FED4}
		{53A0C88A-C070-44A4-ACC1-ED840B12ACDC} = {149F0C43-7A09-4B7C-AF96-7DC42EFD4385}
		{341BA410-7D58-432E-8A99-D44BBC022517} = {149F0C43-7A09-4B7C-AF96-7DC42EFD4385}
		{1FA5F24E-D31C-4E08-B869-887E5E1FA7AB} = {149F0C43-7A09-4B7C-AF96-7DC42EFD4385}
		{E5E1FC70-5757-40B2-B34A-C6B534E3A904} = {149F0C43-7A09-4B7C-AF96-7DC42EFD4385}
		{E43CE23D-CB58-45C8-B0C0-426D82B82465} = {149F0C43-7A09-4B7C-AF96-7DC42EFD4385}
		{62A8203D-055E-4158-9D1B-33A6C004E047} = {2B72A3F3-E8DE-41ED-A6E1-CEC8ECDAC9AA}
		{C303A5CB-4FB9-4916-8246-E7289122EF62} = {2B72A3F3-E8DE-41ED-A6E1-CEC8ECDAC9AA}
		{5EE3A175-9114-4756-B4DD-F27CCB8545E9} = {2B72A3F3-E8DE-41ED-A6E1-CEC8ECDAC9AA}
		{79493FCB-819D-45AD-AB6D-7881BB4B8663} = {2B72A3F3-E8DE-41ED-A6E1-CEC8ECDAC9AA}
		{51650113-C939-440B-AE64-D430A0579EF5} = {2B72A3F3-E8DE-41ED-A6E1-CEC8ECDAC9AA}
		{599273A2-F995-4864-B143-915FD1F93669} = {2B72A3F3-E8DE-41ED-A6E1-CEC8ECDAC9AA}
		{DABB5F55-5A03-48AC-8FCC-C7965103537D} = {91AFF761-56BF-4D53-90C1-70536916D28B}
		{FFEAE3A5-BC3B-4065-BC92-BA2BD1007653} = {91AFF761-56BF-4D53-90C1-70536916D28B}
		{4F5E9346-2943-435A-8EBE-614663D2F385} = {8CEBF7D4-784D-43DC-84F5-E14EDF463E7F}
		{ECE9CCB3-BDFC-451E-9CC4-A8B13F66880A} = {5CCCD223-C5E2-4523-9084-FC8E699E947A}
		{AD9BE0F1-ECC0-4C87-A0A7-A4A7FA8EC15A} = {D33F3F38-6F3A-4AD2-9A73-E62144CFD77C}
		{45011548-4AFF-4368-AF79-EAD41694563A} = {3CB061C3-7B56-4E4C-BDF6-301479A3DA7E}
		{7797FBE1-6F72-44E7-938A-91CFA31FA11A} = {CB62D025-7D2D-488E-BB62-BBB9D66E5D01}
		{AE36D206-E5A6-41F2-A4A5-126E8BF49EC8} = {D36ED3CB-7669-44F2-9827-E34BC9707A23}
		{59E62F87-1001-4168-9D3B-4122EB9B123C} = {D36ED3CB-7669-44F2-9827-E34BC9707A23}
		{6EE1D4C7-77AC-47D9-B563-3F848D5F018E} = {D36ED3CB-7669-44F2-9827-E34BC9707A23}
		{A3559C97-9522-4D6C-BA0A-D7D3E3A230DD} = {AE5F4C8C-FF91-4581-AB43-CC9365A619FF}
		{8458D331-5573-4F33-8BD0-1F8C8D04A94C} = {72F1337C-E1E6-40F9-AB99-60B040F0E472}
		{9F44CDF1-01B1-4635-98A4-FB45E13CA8A2} = {72F1337C-E1E6-40F9-AB99-60B040F0E472}
		{019B52AB-6E64-4B79-950F-FEE4282B53FB} = {C760179C-3AE7-4918-87AA-E62E47C0F02F}
		{EBFF26C3-9217-4AB1-9CF7-B59884893E2E} = {CB16FF4E-4BCF-418C-8FE6-02267EBC1B53}
		{464BF307-2EF7-4619-B83F-F4BABC4BC0F3} = {CB16FF4E-4BCF-418C-8FE6-02267EBC1B53}
		{DF205923-1760-4151-8AAA-94171D73FA83} = {76C584D5-0CFC-4A72-B4A5-3D35EE7C73A0}
		{75F0A470-930E-4556-A262-18F96A5E3721} = {E83CA787-E9A8-4879-8889-15385D21171D}
		{A239C89D-8AFE-48DC-87A1-CF148A6DDA13} = {E83CA787-E9A8-4879-8889-15385D21171D}
		{242CFF77-4605-40EF-B76F-46F709AD26CC} = {4A381CF3-A254-4AB0-A6D8-A9727558776A}
	EndGlobalSection
	GlobalSection(ExtensibilityGlobals) = postSolution
		SolutionGuid = {9C5C775E-DD94-4609-9B6E-C7113E370DE1}
	EndGlobalSection
EndGlobal
